// !$*UTF8*$!
{
	archiveVersion = 1;
	classes = {
	};
	objectVersion = 50;
	objects = {

/* Begin PBXBuildFile section */
		0458108376ED8DE8250E9181 /* Pods_WindowSwitcherUITests.framework in Frameworks */ = {isa = PBXBuildFile; fileRef = 7B5CA14F72D58248C96E2F51 /* Pods_WindowSwitcherUITests.framework */; };
		4C19C48B224A3D1C009D1C22 /* SearchViewController.swift in Sources */ = {isa = PBXBuildFile; fileRef = 4C19C48A224A3D1C009D1C22 /* SearchViewController.swift */; };
		4C19C48D224A5DA7009D1C22 /* Windows.swift in Sources */ = {isa = PBXBuildFile; fileRef = 4C19C48C224A5DA7009D1C22 /* Windows.swift */; };
		4C7FB30D224F8CF300B9754C /* file.txt in Resources */ = {isa = PBXBuildFile; fileRef = 4C7FB30C224F8CF300B9754C /* file.txt */; };
		4C8D0BAB2246BC5000EB9F75 /* AppDelegate.swift in Sources */ = {isa = PBXBuildFile; fileRef = 4C8D0BAA2246BC5000EB9F75 /* AppDelegate.swift */; };
		4C8D0BAD2246BC5000EB9F75 /* ViewController.swift in Sources */ = {isa = PBXBuildFile; fileRef = 4C8D0BAC2246BC5000EB9F75 /* ViewController.swift */; };
		4C8D0BAF2246BC5200EB9F75 /* Assets.xcassets in Resources */ = {isa = PBXBuildFile; fileRef = 4C8D0BAE2246BC5200EB9F75 /* Assets.xcassets */; };
		4C8D0BB22246BC5200EB9F75 /* Main.storyboard in Resources */ = {isa = PBXBuildFile; fileRef = 4C8D0BB02246BC5200EB9F75 /* Main.storyboard */; };
		4C8D0BBE2246BC5200EB9F75 /* WindowSwitcherTests.swift in Sources */ = {isa = PBXBuildFile; fileRef = 4C8D0BBD2246BC5200EB9F75 /* WindowSwitcherTests.swift */; };
		4C8D0BC92246BC5200EB9F75 /* WindowSwitcherUITests.swift in Sources */ = {isa = PBXBuildFile; fileRef = 4C8D0BC82246BC5200EB9F75 /* WindowSwitcherUITests.swift */; };
		9183895C6DA3CEE87C4BEC6E /* Pods_WindowSwitcher.framework in Frameworks */ = {isa = PBXBuildFile; fileRef = ACE9A6BD8A0AB77257E5D613 /* Pods_WindowSwitcher.framework */; };
		F076AFAD4D0AC4084461671E /* Pods_WindowSwitcherTests.framework in Frameworks */ = {isa = PBXBuildFile; fileRef = 961AE49F8C914B09180F26D0 /* Pods_WindowSwitcherTests.framework */; };
/* End PBXBuildFile section */

/* Begin PBXContainerItemProxy section */
		4C8D0BBA2246BC5200EB9F75 /* PBXContainerItemProxy */ = {
			isa = PBXContainerItemProxy;
			containerPortal = 4C8D0B9F2246BC5000EB9F75 /* Project object */;
			proxyType = 1;
			remoteGlobalIDString = 4C8D0BA62246BC5000EB9F75;
			remoteInfo = WindowSwitcher;
		};
		4C8D0BC52246BC5200EB9F75 /* PBXContainerItemProxy */ = {
			isa = PBXContainerItemProxy;
			containerPortal = 4C8D0B9F2246BC5000EB9F75 /* Project object */;
			proxyType = 1;
			remoteGlobalIDString = 4C8D0BA62246BC5000EB9F75;
			remoteInfo = WindowSwitcher;
		};
/* End PBXContainerItemProxy section */

/* Begin PBXFileReference section */
		0D6E65F6D051F7CB88A4E290 /* Pods-WindowSwitcher.release.xcconfig */ = {isa = PBXFileReference; includeInIndex = 1; lastKnownFileType = text.xcconfig; name = "Pods-WindowSwitcher.release.xcconfig"; path = "Target Support Files/Pods-WindowSwitcher/Pods-WindowSwitcher.release.xcconfig"; sourceTree = "<group>"; };
		1A7BB118ED5A38268121291B /* Pods-WindowSwitcherUITests.debug.xcconfig */ = {isa = PBXFileReference; includeInIndex = 1; lastKnownFileType = text.xcconfig; name = "Pods-WindowSwitcherUITests.debug.xcconfig"; path = "Target Support Files/Pods-WindowSwitcherUITests/Pods-WindowSwitcherUITests.debug.xcconfig"; sourceTree = "<group>"; };
		4C19C48A224A3D1C009D1C22 /* SearchViewController.swift */ = {isa = PBXFileReference; lastKnownFileType = sourcecode.swift; path = SearchViewController.swift; sourceTree = "<group>"; };
		4C19C48C224A5DA7009D1C22 /* Windows.swift */ = {isa = PBXFileReference; lastKnownFileType = sourcecode.swift; path = Windows.swift; sourceTree = "<group>"; };
		4C7FB30C224F8CF300B9754C /* file.txt */ = {isa = PBXFileReference; lastKnownFileType = text; path = file.txt; sourceTree = "<group>"; };
		4C8D0BA72246BC5000EB9F75 /* WindowSwitcher.app */ = {isa = PBXFileReference; explicitFileType = wrapper.application; includeInIndex = 0; path = WindowSwitcher.app; sourceTree = BUILT_PRODUCTS_DIR; };
		4C8D0BAA2246BC5000EB9F75 /* AppDelegate.swift */ = {isa = PBXFileReference; lastKnownFileType = sourcecode.swift; path = AppDelegate.swift; sourceTree = "<group>"; };
		4C8D0BAC2246BC5000EB9F75 /* ViewController.swift */ = {isa = PBXFileReference; lastKnownFileType = sourcecode.swift; path = ViewController.swift; sourceTree = "<group>"; };
		4C8D0BAE2246BC5200EB9F75 /* Assets.xcassets */ = {isa = PBXFileReference; lastKnownFileType = folder.assetcatalog; path = Assets.xcassets; sourceTree = "<group>"; };
		4C8D0BB12246BC5200EB9F75 /* Base */ = {isa = PBXFileReference; lastKnownFileType = file.storyboard; name = Base; path = Base.lproj/Main.storyboard; sourceTree = "<group>"; };
		4C8D0BB32246BC5200EB9F75 /* Info.plist */ = {isa = PBXFileReference; lastKnownFileType = text.plist.xml; path = Info.plist; sourceTree = "<group>"; };
		4C8D0BB92246BC5200EB9F75 /* WindowSwitcherTests.xctest */ = {isa = PBXFileReference; explicitFileType = wrapper.cfbundle; includeInIndex = 0; path = WindowSwitcherTests.xctest; sourceTree = BUILT_PRODUCTS_DIR; };
		4C8D0BBD2246BC5200EB9F75 /* WindowSwitcherTests.swift */ = {isa = PBXFileReference; lastKnownFileType = sourcecode.swift; path = WindowSwitcherTests.swift; sourceTree = "<group>"; };
		4C8D0BBF2246BC5200EB9F75 /* Info.plist */ = {isa = PBXFileReference; lastKnownFileType = text.plist.xml; path = Info.plist; sourceTree = "<group>"; };
		4C8D0BC42246BC5200EB9F75 /* WindowSwitcherUITests.xctest */ = {isa = PBXFileReference; explicitFileType = wrapper.cfbundle; includeInIndex = 0; path = WindowSwitcherUITests.xctest; sourceTree = BUILT_PRODUCTS_DIR; };
		4C8D0BC82246BC5200EB9F75 /* WindowSwitcherUITests.swift */ = {isa = PBXFileReference; lastKnownFileType = sourcecode.swift; path = WindowSwitcherUITests.swift; sourceTree = "<group>"; };
		4C8D0BCA2246BC5200EB9F75 /* Info.plist */ = {isa = PBXFileReference; lastKnownFileType = text.plist.xml; path = Info.plist; sourceTree = "<group>"; };
		7B5CA14F72D58248C96E2F51 /* Pods_WindowSwitcherUITests.framework */ = {isa = PBXFileReference; explicitFileType = wrapper.framework; includeInIndex = 0; path = Pods_WindowSwitcherUITests.framework; sourceTree = BUILT_PRODUCTS_DIR; };
		8EC2EEC7027CE97C59C852EE /* Pods-WindowSwitcherUITests.release.xcconfig */ = {isa = PBXFileReference; includeInIndex = 1; lastKnownFileType = text.xcconfig; name = "Pods-WindowSwitcherUITests.release.xcconfig"; path = "Target Support Files/Pods-WindowSwitcherUITests/Pods-WindowSwitcherUITests.release.xcconfig"; sourceTree = "<group>"; };
		961AE49F8C914B09180F26D0 /* Pods_WindowSwitcherTests.framework */ = {isa = PBXFileReference; explicitFileType = wrapper.framework; includeInIndex = 0; path = Pods_WindowSwitcherTests.framework; sourceTree = BUILT_PRODUCTS_DIR; };
		A2A8CF01C0390F41D3A2E74F /* Pods-WindowSwitcherTests.debug.xcconfig */ = {isa = PBXFileReference; includeInIndex = 1; lastKnownFileType = text.xcconfig; name = "Pods-WindowSwitcherTests.debug.xcconfig"; path = "Target Support Files/Pods-WindowSwitcherTests/Pods-WindowSwitcherTests.debug.xcconfig"; sourceTree = "<group>"; };
		ACE9A6BD8A0AB77257E5D613 /* Pods_WindowSwitcher.framework */ = {isa = PBXFileReference; explicitFileType = wrapper.framework; includeInIndex = 0; path = Pods_WindowSwitcher.framework; sourceTree = BUILT_PRODUCTS_DIR; };
		DB963467FDAC553C010FD82F /* Pods-WindowSwitcherTests.release.xcconfig */ = {isa = PBXFileReference; includeInIndex = 1; lastKnownFileType = text.xcconfig; name = "Pods-WindowSwitcherTests.release.xcconfig"; path = "Target Support Files/Pods-WindowSwitcherTests/Pods-WindowSwitcherTests.release.xcconfig"; sourceTree = "<group>"; };
		F504172C3267C0BC24C11DB8 /* Pods-WindowSwitcher.debug.xcconfig */ = {isa = PBXFileReference; includeInIndex = 1; lastKnownFileType = text.xcconfig; name = "Pods-WindowSwitcher.debug.xcconfig"; path = "Target Support Files/Pods-WindowSwitcher/Pods-WindowSwitcher.debug.xcconfig"; sourceTree = "<group>"; };
/* End PBXFileReference section */

/* Begin PBXFrameworksBuildPhase section */
		4C8D0BA42246BC5000EB9F75 /* Frameworks */ = {
			isa = PBXFrameworksBuildPhase;
			buildActionMask = 2147483647;
			files = (
				9183895C6DA3CEE87C4BEC6E /* Pods_WindowSwitcher.framework in Frameworks */,
			);
			runOnlyForDeploymentPostprocessing = 0;
		};
		4C8D0BB62246BC5200EB9F75 /* Frameworks */ = {
			isa = PBXFrameworksBuildPhase;
			buildActionMask = 2147483647;
			files = (
				F076AFAD4D0AC4084461671E /* Pods_WindowSwitcherTests.framework in Frameworks */,
			);
			runOnlyForDeploymentPostprocessing = 0;
		};
		4C8D0BC12246BC5200EB9F75 /* Frameworks */ = {
			isa = PBXFrameworksBuildPhase;
			buildActionMask = 2147483647;
			files = (
				0458108376ED8DE8250E9181 /* Pods_WindowSwitcherUITests.framework in Frameworks */,
			);
			runOnlyForDeploymentPostprocessing = 0;
		};
/* End PBXFrameworksBuildPhase section */

/* Begin PBXGroup section */
		4C8D0B9E2246BC5000EB9F75 = {
			isa = PBXGroup;
			children = (
				4C8D0BA92246BC5000EB9F75 /* WindowSwitcher */,
				4C8D0BBC2246BC5200EB9F75 /* WindowSwitcherTests */,
				4C8D0BC72246BC5200EB9F75 /* WindowSwitcherUITests */,
				4C8D0BA82246BC5000EB9F75 /* Products */,
				987B73AEF47F03289D6B2810 /* Pods */,
				F3E15E0C6053EDD5ED60C422 /* Frameworks */,
			);
			sourceTree = "<group>";
		};
		4C8D0BA82246BC5000EB9F75 /* Products */ = {
			isa = PBXGroup;
			children = (
				4C8D0BA72246BC5000EB9F75 /* WindowSwitcher.app */,
				4C8D0BB92246BC5200EB9F75 /* WindowSwitcherTests.xctest */,
				4C8D0BC42246BC5200EB9F75 /* WindowSwitcherUITests.xctest */,
			);
			name = Products;
			sourceTree = "<group>";
		};
		4C8D0BA92246BC5000EB9F75 /* WindowSwitcher */ = {
			isa = PBXGroup;
			children = (
				4C19C48A224A3D1C009D1C22 /* SearchViewController.swift */,
				4C8D0BAA2246BC5000EB9F75 /* AppDelegate.swift */,
				4C19C48C224A5DA7009D1C22 /* Windows.swift */,
				4C8D0BAC2246BC5000EB9F75 /* ViewController.swift */,
				4C8D0BAE2246BC5200EB9F75 /* Assets.xcassets */,
				4C8D0BB02246BC5200EB9F75 /* Main.storyboard */,
				4C8D0BB32246BC5200EB9F75 /* Info.plist */,
				4C7FB30C224F8CF300B9754C /* file.txt */,
			);
			path = WindowSwitcher;
			sourceTree = "<group>";
		};
		4C8D0BBC2246BC5200EB9F75 /* WindowSwitcherTests */ = {
			isa = PBXGroup;
			children = (
				4C8D0BBD2246BC5200EB9F75 /* WindowSwitcherTests.swift */,
				4C8D0BBF2246BC5200EB9F75 /* Info.plist */,
			);
			path = WindowSwitcherTests;
			sourceTree = "<group>";
		};
		4C8D0BC72246BC5200EB9F75 /* WindowSwitcherUITests */ = {
			isa = PBXGroup;
			children = (
				4C8D0BC82246BC5200EB9F75 /* WindowSwitcherUITests.swift */,
				4C8D0BCA2246BC5200EB9F75 /* Info.plist */,
			);
			path = WindowSwitcherUITests;
			sourceTree = "<group>";
		};
		987B73AEF47F03289D6B2810 /* Pods */ = {
			isa = PBXGroup;
			children = (
				F504172C3267C0BC24C11DB8 /* Pods-WindowSwitcher.debug.xcconfig */,
				0D6E65F6D051F7CB88A4E290 /* Pods-WindowSwitcher.release.xcconfig */,
				A2A8CF01C0390F41D3A2E74F /* Pods-WindowSwitcherTests.debug.xcconfig */,
				DB963467FDAC553C010FD82F /* Pods-WindowSwitcherTests.release.xcconfig */,
				1A7BB118ED5A38268121291B /* Pods-WindowSwitcherUITests.debug.xcconfig */,
				8EC2EEC7027CE97C59C852EE /* Pods-WindowSwitcherUITests.release.xcconfig */,
			);
			path = Pods;
			sourceTree = "<group>";
		};
		F3E15E0C6053EDD5ED60C422 /* Frameworks */ = {
			isa = PBXGroup;
			children = (
				ACE9A6BD8A0AB77257E5D613 /* Pods_WindowSwitcher.framework */,
				961AE49F8C914B09180F26D0 /* Pods_WindowSwitcherTests.framework */,
				7B5CA14F72D58248C96E2F51 /* Pods_WindowSwitcherUITests.framework */,
			);
			name = Frameworks;
			sourceTree = "<group>";
		};
/* End PBXGroup section */

/* Begin PBXNativeTarget section */
		4C8D0BA62246BC5000EB9F75 /* WindowSwitcher */ = {
			isa = PBXNativeTarget;
			buildConfigurationList = 4C8D0BCD2246BC5200EB9F75 /* Build configuration list for PBXNativeTarget "WindowSwitcher" */;
			buildPhases = (
				552733E5D27D1A284B36853D /* [CP] Check Pods Manifest.lock */,
				4C8D0BA32246BC5000EB9F75 /* Sources */,
				4C8D0BA42246BC5000EB9F75 /* Frameworks */,
				4C8D0BA52246BC5000EB9F75 /* Resources */,
				CDFF47249806C584C2A7BA78 /* [CP] Embed Pods Frameworks */,
			);
			buildRules = (
			);
			dependencies = (
			);
			name = WindowSwitcher;
			productName = WindowSwitcher;
			productReference = 4C8D0BA72246BC5000EB9F75 /* WindowSwitcher.app */;
			productType = "com.apple.product-type.application";
		};
		4C8D0BB82246BC5200EB9F75 /* WindowSwitcherTests */ = {
			isa = PBXNativeTarget;
			buildConfigurationList = 4C8D0BD02246BC5200EB9F75 /* Build configuration list for PBXNativeTarget "WindowSwitcherTests" */;
			buildPhases = (
				41ABDCE65172A73D63B6ED9C /* [CP] Check Pods Manifest.lock */,
				4C8D0BB52246BC5200EB9F75 /* Sources */,
				4C8D0BB62246BC5200EB9F75 /* Frameworks */,
				4C8D0BB72246BC5200EB9F75 /* Resources */,
			);
			buildRules = (
			);
			dependencies = (
				4C8D0BBB2246BC5200EB9F75 /* PBXTargetDependency */,
			);
			name = WindowSwitcherTests;
			productName = WindowSwitcherTests;
			productReference = 4C8D0BB92246BC5200EB9F75 /* WindowSwitcherTests.xctest */;
			productType = "com.apple.product-type.bundle.unit-test";
		};
		4C8D0BC32246BC5200EB9F75 /* WindowSwitcherUITests */ = {
			isa = PBXNativeTarget;
			buildConfigurationList = 4C8D0BD32246BC5200EB9F75 /* Build configuration list for PBXNativeTarget "WindowSwitcherUITests" */;
			buildPhases = (
				55209287CAA55C2E4408227F /* [CP] Check Pods Manifest.lock */,
				4C8D0BC02246BC5200EB9F75 /* Sources */,
				4C8D0BC12246BC5200EB9F75 /* Frameworks */,
				4C8D0BC22246BC5200EB9F75 /* Resources */,
			);
			buildRules = (
			);
			dependencies = (
				4C8D0BC62246BC5200EB9F75 /* PBXTargetDependency */,
			);
			name = WindowSwitcherUITests;
			productName = WindowSwitcherUITests;
			productReference = 4C8D0BC42246BC5200EB9F75 /* WindowSwitcherUITests.xctest */;
			productType = "com.apple.product-type.bundle.ui-testing";
		};
/* End PBXNativeTarget section */

/* Begin PBXProject section */
		4C8D0B9F2246BC5000EB9F75 /* Project object */ = {
			isa = PBXProject;
			attributes = {
				LastSwiftUpdateCheck = 1010;
				LastUpgradeCheck = 1010;
				ORGANIZATIONNAME = "Andrew Magdy";
				TargetAttributes = {
					4C8D0BA62246BC5000EB9F75 = {
						CreatedOnToolsVersion = 10.1;
						SystemCapabilities = {
							com.apple.Sandbox = {
								enabled = 0;
							};
						};
					};
					4C8D0BB82246BC5200EB9F75 = {
						CreatedOnToolsVersion = 10.1;
						TestTargetID = 4C8D0BA62246BC5000EB9F75;
					};
					4C8D0BC32246BC5200EB9F75 = {
						CreatedOnToolsVersion = 10.1;
						TestTargetID = 4C8D0BA62246BC5000EB9F75;
					};
				};
			};
			buildConfigurationList = 4C8D0BA22246BC5000EB9F75 /* Build configuration list for PBXProject "WindowSwitcher" */;
			compatibilityVersion = "Xcode 9.3";
			developmentRegion = en;
			hasScannedForEncodings = 0;
			knownRegions = (
				en,
				Base,
			);
			mainGroup = 4C8D0B9E2246BC5000EB9F75;
			productRefGroup = 4C8D0BA82246BC5000EB9F75 /* Products */;
			projectDirPath = "";
			projectRoot = "";
			targets = (
				4C8D0BA62246BC5000EB9F75 /* WindowSwitcher */,
				4C8D0BB82246BC5200EB9F75 /* WindowSwitcherTests */,
				4C8D0BC32246BC5200EB9F75 /* WindowSwitcherUITests */,
			);
		};
/* End PBXProject section */

/* Begin PBXResourcesBuildPhase section */
		4C8D0BA52246BC5000EB9F75 /* Resources */ = {
			isa = PBXResourcesBuildPhase;
			buildActionMask = 2147483647;
			files = (
				4C8D0BAF2246BC5200EB9F75 /* Assets.xcassets in Resources */,
				4C7FB30D224F8CF300B9754C /* file.txt in Resources */,
				4C8D0BB22246BC5200EB9F75 /* Main.storyboard in Resources */,
			);
			runOnlyForDeploymentPostprocessing = 0;
		};
		4C8D0BB72246BC5200EB9F75 /* Resources */ = {
			isa = PBXResourcesBuildPhase;
			buildActionMask = 2147483647;
			files = (
			);
			runOnlyForDeploymentPostprocessing = 0;
		};
		4C8D0BC22246BC5200EB9F75 /* Resources */ = {
			isa = PBXResourcesBuildPhase;
			buildActionMask = 2147483647;
			files = (
			);
			runOnlyForDeploymentPostprocessing = 0;
		};
/* End PBXResourcesBuildPhase section */

/* Begin PBXShellScriptBuildPhase section */
		41ABDCE65172A73D63B6ED9C /* [CP] Check Pods Manifest.lock */ = {
			isa = PBXShellScriptBuildPhase;
			buildActionMask = 2147483647;
			files = (
			);
			inputFileListPaths = (
			);
			inputPaths = (
				"${PODS_PODFILE_DIR_PATH}/Podfile.lock",
				"${PODS_ROOT}/Manifest.lock",
			);
			name = "[CP] Check Pods Manifest.lock";
			outputFileListPaths = (
			);
			outputPaths = (
				"$(DERIVED_FILE_DIR)/Pods-WindowSwitcherTests-checkManifestLockResult.txt",
			);
			runOnlyForDeploymentPostprocessing = 0;
			shellPath = /bin/sh;
			shellScript = "diff \"${PODS_PODFILE_DIR_PATH}/Podfile.lock\" \"${PODS_ROOT}/Manifest.lock\" > /dev/null\nif [ $? != 0 ] ; then\n    # print error to STDERR\n    echo \"error: The sandbox is not in sync with the Podfile.lock. Run 'pod install' or update your CocoaPods installation.\" >&2\n    exit 1\nfi\n# This output is used by Xcode 'outputs' to avoid re-running this script phase.\necho \"SUCCESS\" > \"${SCRIPT_OUTPUT_FILE_0}\"\n";
			showEnvVarsInLog = 0;
		};
		55209287CAA55C2E4408227F /* [CP] Check Pods Manifest.lock */ = {
			isa = PBXShellScriptBuildPhase;
			buildActionMask = 2147483647;
			files = (
			);
			inputFileListPaths = (
			);
			inputPaths = (
				"${PODS_PODFILE_DIR_PATH}/Podfile.lock",
				"${PODS_ROOT}/Manifest.lock",
			);
			name = "[CP] Check Pods Manifest.lock";
			outputFileListPaths = (
			);
			outputPaths = (
				"$(DERIVED_FILE_DIR)/Pods-WindowSwitcherUITests-checkManifestLockResult.txt",
			);
			runOnlyForDeploymentPostprocessing = 0;
			shellPath = /bin/sh;
			shellScript = "diff \"${PODS_PODFILE_DIR_PATH}/Podfile.lock\" \"${PODS_ROOT}/Manifest.lock\" > /dev/null\nif [ $? != 0 ] ; then\n    # print error to STDERR\n    echo \"error: The sandbox is not in sync with the Podfile.lock. Run 'pod install' or update your CocoaPods installation.\" >&2\n    exit 1\nfi\n# This output is used by Xcode 'outputs' to avoid re-running this script phase.\necho \"SUCCESS\" > \"${SCRIPT_OUTPUT_FILE_0}\"\n";
			showEnvVarsInLog = 0;
		};
		552733E5D27D1A284B36853D /* [CP] Check Pods Manifest.lock */ = {
			isa = PBXShellScriptBuildPhase;
			buildActionMask = 2147483647;
			files = (
			);
			inputFileListPaths = (
			);
			inputPaths = (
				"${PODS_PODFILE_DIR_PATH}/Podfile.lock",
				"${PODS_ROOT}/Manifest.lock",
			);
			name = "[CP] Check Pods Manifest.lock";
			outputFileListPaths = (
			);
			outputPaths = (
				"$(DERIVED_FILE_DIR)/Pods-WindowSwitcher-checkManifestLockResult.txt",
			);
			runOnlyForDeploymentPostprocessing = 0;
			shellPath = /bin/sh;
			shellScript = "diff \"${PODS_PODFILE_DIR_PATH}/Podfile.lock\" \"${PODS_ROOT}/Manifest.lock\" > /dev/null\nif [ $? != 0 ] ; then\n    # print error to STDERR\n    echo \"error: The sandbox is not in sync with the Podfile.lock. Run 'pod install' or update your CocoaPods installation.\" >&2\n    exit 1\nfi\n# This output is used by Xcode 'outputs' to avoid re-running this script phase.\necho \"SUCCESS\" > \"${SCRIPT_OUTPUT_FILE_0}\"\n";
			showEnvVarsInLog = 0;
		};
		CDFF47249806C584C2A7BA78 /* [CP] Embed Pods Frameworks */ = {
			isa = PBXShellScriptBuildPhase;
			buildActionMask = 2147483647;
			files = (
			);
			inputFileListPaths = (
			);
			inputPaths = (
				"${PODS_ROOT}/Target Support Files/Pods-WindowSwitcher/Pods-WindowSwitcher-frameworks.sh",
				"${BUILT_PRODUCTS_DIR}/HotKey/HotKey.framework",
			);
			name = "[CP] Embed Pods Frameworks";
			outputFileListPaths = (
			);
			outputPaths = (
				"${TARGET_BUILD_DIR}/${FRAMEWORKS_FOLDER_PATH}/HotKey.framework",
			);
			runOnlyForDeploymentPostprocessing = 0;
			shellPath = /bin/sh;
			shellScript = "\"${PODS_ROOT}/Target Support Files/Pods-WindowSwitcher/Pods-WindowSwitcher-frameworks.sh\"\n";
			showEnvVarsInLog = 0;
		};
/* End PBXShellScriptBuildPhase section */

/* Begin PBXSourcesBuildPhase section */
		4C8D0BA32246BC5000EB9F75 /* Sources */ = {
			isa = PBXSourcesBuildPhase;
			buildActionMask = 2147483647;
			files = (
				4C19C48B224A3D1C009D1C22 /* SearchViewController.swift in Sources */,
				4C8D0BAD2246BC5000EB9F75 /* ViewController.swift in Sources */,
				4C8D0BAB2246BC5000EB9F75 /* AppDelegate.swift in Sources */,
				4C19C48D224A5DA7009D1C22 /* Windows.swift in Sources */,
			);
			runOnlyForDeploymentPostprocessing = 0;
		};
		4C8D0BB52246BC5200EB9F75 /* Sources */ = {
			isa = PBXSourcesBuildPhase;
			buildActionMask = 2147483647;
			files = (
				4C8D0BBE2246BC5200EB9F75 /* WindowSwitcherTests.swift in Sources */,
			);
			runOnlyForDeploymentPostprocessing = 0;
		};
		4C8D0BC02246BC5200EB9F75 /* Sources */ = {
			isa = PBXSourcesBuildPhase;
			buildActionMask = 2147483647;
			files = (
				4C8D0BC92246BC5200EB9F75 /* WindowSwitcherUITests.swift in Sources */,
			);
			runOnlyForDeploymentPostprocessing = 0;
		};
/* End PBXSourcesBuildPhase section */

/* Begin PBXTargetDependency section */
		4C8D0BBB2246BC5200EB9F75 /* PBXTargetDependency */ = {
			isa = PBXTargetDependency;
			target = 4C8D0BA62246BC5000EB9F75 /* WindowSwitcher */;
			targetProxy = 4C8D0BBA2246BC5200EB9F75 /* PBXContainerItemProxy */;
		};
		4C8D0BC62246BC5200EB9F75 /* PBXTargetDependency */ = {
			isa = PBXTargetDependency;
			target = 4C8D0BA62246BC5000EB9F75 /* WindowSwitcher */;
			targetProxy = 4C8D0BC52246BC5200EB9F75 /* PBXContainerItemProxy */;
		};
/* End PBXTargetDependency section */

/* Begin PBXVariantGroup section */
		4C8D0BB02246BC5200EB9F75 /* Main.storyboard */ = {
			isa = PBXVariantGroup;
			children = (
				4C8D0BB12246BC5200EB9F75 /* Base */,
			);
			name = Main.storyboard;
			sourceTree = "<group>";
		};
/* End PBXVariantGroup section */

/* Begin XCBuildConfiguration section */
		4C8D0BCB2246BC5200EB9F75 /* Debug */ = {
			isa = XCBuildConfiguration;
			buildSettings = {
				ALWAYS_SEARCH_USER_PATHS = NO;
				CLANG_ANALYZER_NONNULL = YES;
				CLANG_ANALYZER_NUMBER_OBJECT_CONVERSION = YES_AGGRESSIVE;
				CLANG_CXX_LANGUAGE_STANDARD = "gnu++14";
				CLANG_CXX_LIBRARY = "libc++";
				CLANG_ENABLE_MODULES = YES;
				CLANG_ENABLE_OBJC_ARC = YES;
				CLANG_ENABLE_OBJC_WEAK = YES;
				CLANG_WARN_BLOCK_CAPTURE_AUTORELEASING = YES;
				CLANG_WARN_BOOL_CONVERSION = YES;
				CLANG_WARN_COMMA = YES;
				CLANG_WARN_CONSTANT_CONVERSION = YES;
				CLANG_WARN_DEPRECATED_OBJC_IMPLEMENTATIONS = YES;
				CLANG_WARN_DIRECT_OBJC_ISA_USAGE = YES_ERROR;
				CLANG_WARN_DOCUMENTATION_COMMENTS = YES;
				CLANG_WARN_EMPTY_BODY = YES;
				CLANG_WARN_ENUM_CONVERSION = YES;
				CLANG_WARN_INFINITE_RECURSION = YES;
				CLANG_WARN_INT_CONVERSION = YES;
				CLANG_WARN_NON_LITERAL_NULL_CONVERSION = YES;
				CLANG_WARN_OBJC_IMPLICIT_RETAIN_SELF = YES;
				CLANG_WARN_OBJC_LITERAL_CONVERSION = YES;
				CLANG_WARN_OBJC_ROOT_CLASS = YES_ERROR;
				CLANG_WARN_RANGE_LOOP_ANALYSIS = YES;
				CLANG_WARN_STRICT_PROTOTYPES = YES;
				CLANG_WARN_SUSPICIOUS_MOVE = YES;
				CLANG_WARN_UNGUARDED_AVAILABILITY = YES_AGGRESSIVE;
				CLANG_WARN_UNREACHABLE_CODE = YES;
				CLANG_WARN__DUPLICATE_METHOD_MATCH = YES;
				CODE_SIGN_IDENTITY = "-";
				COPY_PHASE_STRIP = NO;
				DEBUG_INFORMATION_FORMAT = dwarf;
				ENABLE_STRICT_OBJC_MSGSEND = YES;
				ENABLE_TESTABILITY = YES;
				GCC_C_LANGUAGE_STANDARD = gnu11;
				GCC_DYNAMIC_NO_PIC = NO;
				GCC_NO_COMMON_BLOCKS = YES;
				GCC_OPTIMIZATION_LEVEL = 0;
				GCC_PREPROCESSOR_DEFINITIONS = (
					"DEBUG=1",
					"$(inherited)",
				);
				GCC_WARN_64_TO_32_BIT_CONVERSION = YES;
				GCC_WARN_ABOUT_RETURN_TYPE = YES_ERROR;
				GCC_WARN_UNDECLARED_SELECTOR = YES;
				GCC_WARN_UNINITIALIZED_AUTOS = YES_AGGRESSIVE;
				GCC_WARN_UNUSED_FUNCTION = YES;
				GCC_WARN_UNUSED_VARIABLE = YES;
				MACOSX_DEPLOYMENT_TARGET = 10.14;
				MTL_ENABLE_DEBUG_INFO = INCLUDE_SOURCE;
				MTL_FAST_MATH = YES;
				ONLY_ACTIVE_ARCH = YES;
				SDKROOT = macosx;
				SWIFT_ACTIVE_COMPILATION_CONDITIONS = DEBUG;
				SWIFT_OPTIMIZATION_LEVEL = "-Onone";
			};
			name = Debug;
		};
		4C8D0BCC2246BC5200EB9F75 /* Release */ = {
			isa = XCBuildConfiguration;
			buildSettings = {
				ALWAYS_SEARCH_USER_PATHS = NO;
				CLANG_ANALYZER_NONNULL = YES;
				CLANG_ANALYZER_NUMBER_OBJECT_CONVERSION = YES_AGGRESSIVE;
				CLANG_CXX_LANGUAGE_STANDARD = "gnu++14";
				CLANG_CXX_LIBRARY = "libc++";
				CLANG_ENABLE_MODULES = YES;
				CLANG_ENABLE_OBJC_ARC = YES;
				CLANG_ENABLE_OBJC_WEAK = YES;
				CLANG_WARN_BLOCK_CAPTURE_AUTORELEASING = YES;
				CLANG_WARN_BOOL_CONVERSION = YES;
				CLANG_WARN_COMMA = YES;
				CLANG_WARN_CONSTANT_CONVERSION = YES;
				CLANG_WARN_DEPRECATED_OBJC_IMPLEMENTATIONS = YES;
				CLANG_WARN_DIRECT_OBJC_ISA_USAGE = YES_ERROR;
				CLANG_WARN_DOCUMENTATION_COMMENTS = YES;
				CLANG_WARN_EMPTY_BODY = YES;
				CLANG_WARN_ENUM_CONVERSION = YES;
				CLANG_WARN_INFINITE_RECURSION = YES;
				CLANG_WARN_INT_CONVERSION = YES;
				CLANG_WARN_NON_LITERAL_NULL_CONVERSION = YES;
				CLANG_WARN_OBJC_IMPLICIT_RETAIN_SELF = YES;
				CLANG_WARN_OBJC_LITERAL_CONVERSION = YES;
				CLANG_WARN_OBJC_ROOT_CLASS = YES_ERROR;
				CLANG_WARN_RANGE_LOOP_ANALYSIS = YES;
				CLANG_WARN_STRICT_PROTOTYPES = YES;
				CLANG_WARN_SUSPICIOUS_MOVE = YES;
				CLANG_WARN_UNGUARDED_AVAILABILITY = YES_AGGRESSIVE;
				CLANG_WARN_UNREACHABLE_CODE = YES;
				CLANG_WARN__DUPLICATE_METHOD_MATCH = YES;
				CODE_SIGN_IDENTITY = "-";
				COPY_PHASE_STRIP = NO;
				DEBUG_INFORMATION_FORMAT = "dwarf-with-dsym";
				ENABLE_NS_ASSERTIONS = NO;
				ENABLE_STRICT_OBJC_MSGSEND = YES;
				GCC_C_LANGUAGE_STANDARD = gnu11;
				GCC_NO_COMMON_BLOCKS = YES;
				GCC_WARN_64_TO_32_BIT_CONVERSION = YES;
				GCC_WARN_ABOUT_RETURN_TYPE = YES_ERROR;
				GCC_WARN_UNDECLARED_SELECTOR = YES;
				GCC_WARN_UNINITIALIZED_AUTOS = YES_AGGRESSIVE;
				GCC_WARN_UNUSED_FUNCTION = YES;
				GCC_WARN_UNUSED_VARIABLE = YES;
				MACOSX_DEPLOYMENT_TARGET = 10.14;
				MTL_ENABLE_DEBUG_INFO = NO;
				MTL_FAST_MATH = YES;
				SDKROOT = macosx;
				SWIFT_COMPILATION_MODE = wholemodule;
				SWIFT_OPTIMIZATION_LEVEL = "-O";
			};
			name = Release;
		};
		4C8D0BCE2246BC5200EB9F75 /* Debug */ = {
			isa = XCBuildConfiguration;
			baseConfigurationReference = F504172C3267C0BC24C11DB8 /* Pods-WindowSwitcher.debug.xcconfig */;
			buildSettings = {
				ASSETCATALOG_COMPILER_APPICON_NAME = AppIcon;
				CODE_SIGN_STYLE = Automatic;
				COMBINE_HIDPI_IMAGES = YES;
				INFOPLIST_FILE = WindowSwitcher/Info.plist;
				LD_RUNPATH_SEARCH_PATHS = (
					"$(inherited)",
					"@executable_path/../Frameworks",
				);
				PRODUCT_BUNDLE_IDENTIFIER = andrew.WindowSwitcher2;
				PRODUCT_NAME = "$(TARGET_NAME)";
				SWIFT_VERSION = 4.2;
			};
			name = Debug;
		};
		4C8D0BCF2246BC5200EB9F75 /* Release */ = {
			isa = XCBuildConfiguration;
			baseConfigurationReference = 0D6E65F6D051F7CB88A4E290 /* Pods-WindowSwitcher.release.xcconfig */;
			buildSettings = {
				ASSETCATALOG_COMPILER_APPICON_NAME = AppIcon;
				CODE_SIGN_STYLE = Automatic;
				COMBINE_HIDPI_IMAGES = YES;
				INFOPLIST_FILE = WindowSwitcher/Info.plist;
				LD_RUNPATH_SEARCH_PATHS = (
					"$(inherited)",
					"@executable_path/../Frameworks",
				);
				PRODUCT_BUNDLE_IDENTIFIER = andrew.WindowSwitcher2;
				PRODUCT_NAME = "$(TARGET_NAME)";
				SWIFT_VERSION = 4.2;
			};
			name = Release;
		};
		4C8D0BD12246BC5200EB9F75 /* Debug */ = {
			isa = XCBuildConfiguration;
			baseConfigurationReference = A2A8CF01C0390F41D3A2E74F /* Pods-WindowSwitcherTests.debug.xcconfig */;
			buildSettings = {
				ALWAYS_EMBED_SWIFT_STANDARD_LIBRARIES = YES;
				BUNDLE_LOADER = "$(TEST_HOST)";
				CODE_SIGN_STYLE = Automatic;
				COMBINE_HIDPI_IMAGES = YES;
				INFOPLIST_FILE = WindowSwitcherTests/Info.plist;
				LD_RUNPATH_SEARCH_PATHS = (
					"$(inherited)",
					"@executable_path/../Frameworks",
					"@loader_path/../Frameworks",
				);
				PRODUCT_BUNDLE_IDENTIFIER = andrew.WindowSwitcherTests;
				PRODUCT_NAME = "$(TARGET_NAME)";
				SWIFT_VERSION = 4.2;
				TEST_HOST = "$(BUILT_PRODUCTS_DIR)/WindowSwitcher.app/Contents/MacOS/WindowSwitcher";
			};
			name = Debug;
		};
		4C8D0BD22246BC5200EB9F75 /* Release */ = {
			isa = XCBuildConfiguration;
			baseConfigurationReference = DB963467FDAC553C010FD82F /* Pods-WindowSwitcherTests.release.xcconfig */;
			buildSettings = {
				ALWAYS_EMBED_SWIFT_STANDARD_LIBRARIES = YES;
				BUNDLE_LOADER = "$(TEST_HOST)";
				CODE_SIGN_STYLE = Automatic;
				COMBINE_HIDPI_IMAGES = YES;
				INFOPLIST_FILE = WindowSwitcherTests/Info.plist;
				LD_RUNPATH_SEARCH_PATHS = (
					"$(inherited)",
					"@executable_path/../Frameworks",
					"@loader_path/../Frameworks",
				);
				PRODUCT_BUNDLE_IDENTIFIER = andrew.WindowSwitcherTests;
				PRODUCT_NAME = "$(TARGET_NAME)";
				SWIFT_VERSION = 4.2;
				TEST_HOST = "$(BUILT_PRODUCTS_DIR)/WindowSwitcher.app/Contents/MacOS/WindowSwitcher";
			};
			name = Release;
		};
		4C8D0BD42246BC5200EB9F75 /* Debug */ = {
			isa = XCBuildConfiguration;
			baseConfigurationReference = 1A7BB118ED5A38268121291B /* Pods-WindowSwitcherUITests.debug.xcconfig */;
			buildSettings = {
				ALWAYS_EMBED_SWIFT_STANDARD_LIBRARIES = YES;
				CODE_SIGN_STYLE = Automatic;
				COMBINE_HIDPI_IMAGES = YES;
				INFOPLIST_FILE = WindowSwitcherUITests/Info.plist;
				LD_RUNPATH_SEARCH_PATHS = (
					"$(inherited)",
					"@executable_path/../Frameworks",
					"@loader_path/../Frameworks",
				);
				PRODUCT_BUNDLE_IDENTIFIER = andrew.WindowSwitcherUITests;
				PRODUCT_NAME = "$(TARGET_NAME)";
				SWIFT_VERSION = 4.2;
				TEST_TARGET_NAME = WindowSwitcher;
			};
			name = Debug;
		};
		4C8D0BD52246BC5200EB9F75 /* Release */ = {
			isa = XCBuildConfiguration;
			baseConfigurationReference = 8EC2EEC7027CE97C59C852EE /* Pods-WindowSwitcherUITests.release.xcconfig */;
			buildSettings = {
				ALWAYS_EMBED_SWIFT_STANDARD_LIBRARIES = YES;
				CODE_SIGN_STYLE = Automatic;
				COMBINE_HIDPI_IMAGES = YES;
				INFOPLIST_FILE = WindowSwitcherUITests/Info.plist;
				LD_RUNPATH_SEARCH_PATHS = (
					"$(inherited)",
					"@executable_path/../Frameworks",
					"@loader_path/../Frameworks",
				);
				PRODUCT_BUNDLE_IDENTIFIER = andrew.WindowSwitcherUITests;
				PRODUCT_NAME = "$(TARGET_NAME)";
				SWIFT_VERSION = 4.2;
				TEST_TARGET_NAME = WindowSwitcher;
			};
			name = Release;
		};
/* End XCBuildConfiguration section */

/* Begin XCConfigurationList section */
		4C8D0BA22246BC5000EB9F75 /* Build configuration list for PBXProject "WindowSwitcher" */ = {
			isa = XCConfigurationList;
			buildConfigurations = (
				4C8D0BCB2246BC5200EB9F75 /* Debug */,
				4C8D0BCC2246BC5200EB9F75 /* Release */,
			);
			defaultConfigurationIsVisible = 0;
			defaultConfigurationName = Release;
		};
		4C8D0BCD2246BC5200EB9F75 /* Build configuration list for PBXNativeTarget "WindowSwitcher" */ = {
			isa = XCConfigurationList;
			buildConfigurations = (
				4C8D0BCE2246BC5200EB9F75 /* Debug */,
				4C8D0BCF2246BC5200EB9F75 /* Release */,
			);
			defaultConfigurationIsVisible = 0;
			defaultConfigurationName = Release;
		};
		4C8D0BD02246BC5200EB9F75 /* Build configuration list for PBXNativeTarget "WindowSwitcherTests" */ = {
			isa = XCConfigurationList;
			buildConfigurations = (
				4C8D0BD12246BC5200EB9F75 /* Debug */,
				4C8D0BD22246BC5200EB9F75 /* Release */,
			);
			defaultConfigurationIsVisible = 0;
			defaultConfigurationName = Release;
		};
		4C8D0BD32246BC5200EB9F75 /* Build configuration list for PBXNativeTarget "WindowSwitcherUITests" */ = {
			isa = XCConfigurationList;
			buildConfigurations = (
				4C8D0BD42246BC5200EB9F75 /* Debug */,
				4C8D0BD52246BC5200EB9F75 /* Release */,
			);
			defaultConfigurationIsVisible = 0;
			defaultConfigurationName = Release;
		};
/* End XCConfigurationList section */
	};
	rootObject = 4C8D0B9F2246BC5000EB9F75 /* Project object */;
}
